Microsoft Visual Studio Solution File, Format Version 12.00
# Visual Studio Version 17
VisualStudioVersion = 17.4.33213.308
MinimumVisualStudioVersion = 10.0.40219.1
Project("{2150E333-8FDC-42A3-9474-1A3956D46DE8}") = "Sample", "Sample", "{DC116F03-241C-4467-9100-3C8CEA2748CD}"
EndProject
Project("{9A19103F-16F7-4668-BE54-9A1E7A4F7556}") = "Plugin.CloudFirestore.Sample", "Plugin.CloudFirestore.Sample\Plugin.CloudFirestore.Sample\Plugin.CloudFirestore.Sample.csproj", "{0BCFBAB7-34C2-46DB-99A8-3373AEC75512}"
EndProject
Project("{FAE04EC0-301F-11D3-BF4B-00C04F79EFBC}") = "Plugin.CloudFirestore.Sample.iOS", "Plugin.CloudFirestore.Sample\Plugin.CloudFirestore.Sample.iOS\Plugin.CloudFirestore.Sample.iOS.csproj", "{43981D72-6DB6-4A02-AF99-87168E703A6E}"
EndProject
Project("{FAE04EC0-301F-11D3-BF4B-00C04F79EFBC}") = "Plugin.CloudFirestore.Sample.Android", "Plugin.CloudFirestore.Sample\Plugin.CloudFirestore.Sample.Android\Plugin.CloudFirestore.Sample.Android.csproj", "{F351AC7E-FAD9-4226-A5A9-3438E99331C5}"
EndProject
Project("{9A19103F-16F7-4668-BE54-9A1E7A4F7556}") = "Plugin.CloudFirestore", "Plugin.CloudFirestore\Plugin.CloudFirestore.csproj", "{850D7678-3D31-47B5-883C-D8FC4007794F}"
EndProject
Global
	GlobalSection(SolutionConfigurationPlatforms) = preSolution
		Ad-Hoc|Any CPU = Ad-Hoc|Any CPU
		Ad-Hoc|iPhone = Ad-Hoc|iPhone
		Ad-Hoc|iPhoneSimulator = Ad-Hoc|iPhoneSimulator
		AppStore|Any CPU = AppStore|Any CPU
		AppStore|iPhone = AppStore|iPhone
		AppStore|iPhoneSimulator = AppStore|iPhoneSimulator
		Debug|Any CPU = Debug|Any CPU
		Debug|iPhone = Debug|iPhone
		Debug|iPhoneSimulator = Debug|iPhoneSimulator
		Release|Any CPU = Release|Any CPU
		Release|iPhone = Release|iPhone
		Release|iPhoneSimulator = Release|iPhoneSimulator
	EndGlobalSection
	GlobalSection(ProjectConfigurationPlatforms) = postSolution
		{0BCFBAB7-34C2-46DB-99A8-3373AEC75512}.Ad-Hoc|Any CPU.ActiveCfg = Release|Any CPU
		{0BCFBAB7-34C2-46DB-99A8-3373AEC75512}.Ad-Hoc|Any CPU.Build.0 = Release|Any CPU
		{0BCFBAB7-34C2-46DB-99A8-3373AEC75512}.Ad-Hoc|iPhone.ActiveCfg = Debug|Any CPU
		{0BCFBAB7-34C2-46DB-99A8-3373AEC75512}.Ad-Hoc|iPhone.Build.0 = Debug|Any CPU
		{0BCFBAB7-34C2-46DB-99A8-3373AEC75512}.Ad-Hoc|iPhoneSimulator.ActiveCfg = Release|Any CPU
		{0BCFBAB7-34C2-46DB-99A8-3373AEC75512}.Ad-Hoc|iPhoneSimulator.Build.0 = Release|Any CPU
		{0BCFBAB7-34C2-46DB-99A8-3373AEC75512}.AppStore|Any CPU.ActiveCfg = Release|Any CPU
		{0BCFBAB7-34C2-46DB-99A8-3373AEC75512}.AppStore|Any CPU.Build.0 = Release|Any CPU
		{0BCFBAB7-34C2-46DB-99A8-3373AEC75512}.AppStore|iPhone.ActiveCfg = Debug|Any CPU
		{0BCFBAB7-34C2-46DB-99A8-3373AEC75512}.AppStore|iPhone.Build.0 = Debug|Any CPU
		{0BCFBAB7-34C2-46DB-99A8-3373AEC75512}.AppStore|iPhoneSimulator.ActiveCfg = Release|Any CPU
		{0BCFBAB7-34C2-46DB-99A8-3373AEC75512}.AppStore|iPhoneSimulator.Build.0 = Release|Any CPU
		{0BCFBAB7-34C2-46DB-99A8-3373AEC75512}.Debug|Any CPU.ActiveCfg = Debug|Any CPU
		{0BCFBAB7-34C2-46DB-99A8-3373AEC75512}.Debug|Any CPU.Build.0 = Debug|Any CPU
		{0BCFBAB7-34C2-46DB-99A8-3373AEC75512}.Debug|iPhone.ActiveCfg = Debug|Any CPU
		{0BCFBAB7-34C2-46DB-99A8-3373AEC75512}.Debug|iPhone.Build.0 = Debug|Any CPU
		{0BCFBAB7-34C2-46DB-99A8-3373AEC75512}.Debug|iPhoneSimulator.ActiveCfg = Debug|Any CPU
		{0BCFBAB7-34C2-46DB-99A8-3373AEC75512}.Debug|iPhoneSimulator.Build.0 = Debug|Any CPU
		{0BCFBAB7-34C2-46DB-99A8-3373AEC75512}.Release|Any CPU.ActiveCfg = Release|Any CPU
		{0BCFBAB7-34C2-46DB-99A8-3373AEC75512}.Release|Any CPU.Build.0 = Release|Any CPU
		{0BCFBAB7-34C2-46DB-99A8-3373AEC75512}.Release|iPhone.ActiveCfg = Release|Any CPU
		{0BCFBAB7-34C2-46DB-99A8-3373AEC75512}.Release|iPhone.Build.0 = Release|Any CPU
		{0BCFBAB7-34C2-46DB-99A8-3373AEC75512}.Release|iPhoneSimulator.ActiveCfg = Release|Any CPU
		{0BCFBAB7-34C2-46DB-99A8-3373AEC75512}.Release|iPhoneSimulator.Build.0 = Release|Any CPU
		{43981D72-6DB6-4A02-AF99-87168E703A6E}.Ad-Hoc|Any CPU.ActiveCfg = Ad-Hoc|iPhoneSimulator
		{43981D72-6DB6-4A02-AF99-87168E703A6E}.Ad-Hoc|Any CPU.Build.0 = Ad-Hoc|iPhoneSimulator
		{43981D72-6DB6-4A02-AF99-87168E703A6E}.Ad-Hoc|iPhone.ActiveCfg = Ad-Hoc|iPhone
		{43981D72-6DB6-4A02-AF99-87168E703A6E}.Ad-Hoc|iPhone.Build.0 = Ad-Hoc|iPhone
		{43981D72-6DB6-4A02-AF99-87168E703A6E}.Ad-Hoc|iPhoneSimulator.ActiveCfg = Ad-Hoc|iPhoneSimulator
		{43981D72-6DB6-4A02-AF99-87168E703A6E}.Ad-Hoc|iPhoneSimulator.Build.0 = Ad-Hoc|iPhoneSimulator
		{43981D72-6DB6-4A02-AF99-87168E703A6E}.AppStore|Any CPU.ActiveCfg = AppStore|iPhoneSimulator
		{43981D72-6DB6-4A02-AF99-87168E703A6E}.AppStore|Any CPU.Build.0 = AppStore|iPhoneSimulator
		{43981D72-6DB6-4A02-AF99-87168E703A6E}.AppStore|iPhone.ActiveCfg = AppStore|iPhone
		{43981D72-6DB6-4A02-AF99-87168E703A6E}.AppStore|iPhone.Build.0 = AppStore|iPhone
		{43981D72-6DB6-4A02-AF99-87168E703A6E}.AppStore|iPhoneSimulator.ActiveCfg = AppStore|iPhoneSimulator
		{43981D72-6DB6-4A02-AF99-87168E703A6E}.AppStore|iPhoneSimulator.Build.0 = AppStore|iPhoneSimulator
		{43981D72-6DB6-4A02-AF99-87168E703A6E}.Debug|Any CPU.ActiveCfg = Debug|iPhoneSimulator
		{43981D72-6DB6-4A02-AF99-87168E703A6E}.Debug|Any CPU.Build.0 = Debug|iPhoneSimulator
		{43981D72-6DB6-4A02-AF99-87168E703A6E}.Debug|iPhone.ActiveCfg = Debug|iPhone
		{43981D72-6DB6-4A02-AF99-87168E703A6E}.Debug|iPhone.Build.0 = Debug|iPhone
		{43981D72-6DB6-4A02-AF99-87168E703A6E}.Debug|iPhoneSimulator.ActiveCfg = Debug|iPhoneSimulator
		{43981D72-6DB6-4A02-AF99-87168E703A6E}.Debug|iPhoneSimulator.Build.0 = Debug|iPhoneSimulator
		{43981D72-6DB6-4A02-AF99-87168E703A6E}.Release|Any CPU.ActiveCfg = Release|iPhoneSimulator
		{43981D72-6DB6-4A02-AF99-87168E703A6E}.Release|Any CPU.Build.0 = Release|iPhoneSimulator
		{43981D72-6DB6-4A02-AF99-87168E703A6E}.Release|iPhone.ActiveCfg = Release|iPhone
		{43981D72-6DB6-4A02-AF99-87168E703A6E}.Release|iPhone.Build.0 = Release|iPhone
		{43981D72-6DB6-4A02-AF99-87168E703A6E}.Release|iPhoneSimulator.ActiveCfg = Release|iPhoneSimulator
		{43981D72-6DB6-4A02-AF99-87168E703A6E}.Release|iPhoneSimulator.Build.0 = Release|iPhoneSimulator
		{F351AC7E-FAD9-4226-A5A9-3438E99331C5}.Ad-Hoc|Any CPU.ActiveCfg = Release|Any CPU
		{F351AC7E-FAD9-4226-A5A9-3438E99331C5}.Ad-Hoc|Any CPU.Build.0 = Release|Any CPU
		{F351AC7E-FAD9-4226-A5A9-3438E99331C5}.Ad-Hoc|Any CPU.Deploy.0 = Release|Any CPU
		{F351AC7E-FAD9-4226-A5A9-3438E99331C5}.Ad-Hoc|iPhone.ActiveCfg = Debug|Any CPU
		{F351AC7E-FAD9-4226-A5A9-3438E99331C5}.Ad-Hoc|iPhone.Build.0 = Debug|Any CPU
		{F351AC7E-FAD9-4226-A5A9-3438E99331C5}.Ad-Hoc|iPhoneSimulator.ActiveCfg = Release|Any CPU
		{F351AC7E-FAD9-4226-A5A9-3438E99331C5}.Ad-Hoc|iPhoneSimulator.Build.0 = Release|Any CPU
		{F351AC7E-FAD9-4226-A5A9-3438E99331C5}.Ad-Hoc|iPhoneSimulator.Deploy.0 = Release|Any CPU
		{F351AC7E-FAD9-4226-A5A9-3438E99331C5}.AppStore|Any CPU.ActiveCfg = Release|Any CPU
		{F351AC7E-FAD9-4226-A5A9-3438E99331C5}.AppStore|Any CPU.Build.0 = Release|Any CPU
		{F351AC7E-FAD9-4226-A5A9-3438E99331C5}.AppStore|Any CPU.Deploy.0 = Release|Any CPU
		{F351AC7E-FAD9-4226-A5A9-3438E99331C5}.AppStore|iPhone.ActiveCfg = Debug|Any CPU
		{F351AC7E-FAD9-4226-A5A9-3438E99331C5}.AppStore|iPhone.Build.0 = Debug|Any CPU
		{F351AC7E-FAD9-4226-A5A9-3438E99331C5}.AppStore|iPhoneSimulator.ActiveCfg = Release|Any CPU
		{F351AC7E-FAD9-4226-A5A9-3438E99331C5}.AppStore|iPhoneSimulator.Build.0 = Release|Any CPU
		{F351AC7E-FAD9-4226-A5A9-3438E99331C5}.AppStore|iPhoneSimulator.Deploy.0 = Release|Any CPU
		{F351AC7E-FAD9-4226-A5A9-3438E99331C5}.Debug|Any CPU.ActiveCfg = Debug|Any CPU
		{F351AC7E-FAD9-4226-A5A9-3438E99331C5}.Debug|Any CPU.Build.0 = Debug|Any CPU
		{F351AC7E-FAD9-4226-A5A9-3438E99331C5}.Debug|iPhone.ActiveCfg = Debug|Any CPU
		{F351AC7E-FAD9-4226-A5A9-3438E99331C5}.Debug|iPhone.Build.0 = Debug|Any CPU
		{F351AC7E-FAD9-4226-A5A9-3438E99331C5}.Debug|iPhoneSimulator.ActiveCfg = Debug|Any CPU
		{F351AC7E-FAD9-4226-A5A9-3438E99331C5}.Debug|iPhoneSimulator.Build.0 = Debug|Any CPU
		{F351AC7E-FAD9-4226-A5A9-3438E99331C5}.Release|Any CPU.ActiveCfg = Release|Any CPU
		{F351AC7E-FAD9-4226-A5A9-3438E99331C5}.Release|Any CPU.Build.0 = Release|Any CPU
		{F351AC7E-FAD9-4226-A5A9-3438E99331C5}.Release|iPhone.ActiveCfg = Release|Any CPU
		{F351AC7E-FAD9-4226-A5A9-3438E99331C5}.Release|iPhone.Build.0 = Release|Any CPU
		{F351AC7E-FAD9-4226-A5A9-3438E99331C5}.Release|iPhoneSimulator.ActiveCfg = Release|Any CPU
		{F351AC7E-FAD9-4226-A5A9-3438E99331C5}.Release|iPhoneSimulator.Build.0 = Release|Any CPU
		{850D7678-3D31-47B5-883C-D8FC4007794F}.Ad-Hoc|Any CPU.ActiveCfg = Release|Any CPU
		{850D7678-3D31-47B5-883C-D8FC4007794F}.Ad-Hoc|Any CPU.Build.0 = Release|Any CPU
		{850D7678-3D31-47B5-883C-D8FC4007794F}.Ad-Hoc|iPhone.ActiveCfg = Debug|Any CPU
		{850D7678-3D31-47B5-883C-D8FC4007794F}.Ad-Hoc|iPhone.Build.0 = Debug|Any CPU
		{850D7678-3D31-47B5-883C-D8FC4007794F}.Ad-Hoc|iPhoneSimulator.ActiveCfg = Release|Any CPU
		{850D7678-3D31-47B5-883C-D8FC4007794F}.Ad-Hoc|iPhoneSimulator.Build.0 = Release|Any CPU
		{850D7678-3D31-47B5-883C-D8FC4007794F}.AppStore|Any CPU.ActiveCfg = Release|Any CPU
		{850D7678-3D31-47B5-883C-D8FC4007794F}.AppStore|Any CPU.Build.0 = Release|Any CPU
		{850D7678-3D31-47B5-883C-D8FC4007794F}.AppStore|iPhone.ActiveCfg = Debug|Any CPU
		{850D7678-3D31-47B5-883C-D8FC4007794F}.AppStore|iPhone.Build.0 = Debug|Any CPU
		{850D7678-3D31-47B5-883C-D8FC4007794F}.AppStore|iPhoneSimulator.ActiveCfg = Release|Any CPU
		{850D7678-3D31-47B5-883C-D8FC4007794F}.AppStore|iPhoneSimulator.Build.0 = Release|Any CPU
		{850D7678-3D31-47B5-883C-D8FC4007794F}.Debug|Any CPU.ActiveCfg = Debug|Any CPU
		{850D7678-3D31-47B5-883C-D8FC4007794F}.Debug|Any CPU.Build.0 = Debug|Any CPU
		{850D7678-3D31-47B5-883C-D8FC4007794F}.Debug|iPhone.ActiveCfg = Debug|Any CPU
		{850D7678-3D31-47B5-883C-D8FC4007794F}.Debug|iPhone.Build.0 = Debug|Any CPU
		{850D7678-3D31-47B5-883C-D8FC4007794F}.Debug|iPhoneSimulator.ActiveCfg = Debug|Any CPU
		{850D7678-3D31-47B5-883C-D8FC4007794F}.Debug|iPhoneSimulator.Build.0 = Debug|Any CPU
		{850D7678-3D31-47B5-883C-D8FC4007794F}.Release|Any CPU.ActiveCfg = Release|Any CPU
		{850D7678-3D31-47B5-883C-D8FC4007794F}.Release|Any CPU.Build.0 = Release|Any CPU
		{850D7678-3D31-47B5-883C-D8FC4007794F}.Release|iPhone.ActiveCfg = Release|Any CPU
		{850D7678-3D31-47B5-883C-D8FC4007794F}.Release|iPhone.Build.0 = Release|Any CPU
		{850D7678-3D31-47B5-883C-D8FC4007794F}.Release|iPhoneSimulator.ActiveCfg = Release|Any CPU
		{850D7678-3D31-47B5-883C-D8FC4007794F}.Release|iPhoneSimulator.Build.0 = Release|Any CPU
	EndGlobalSection
	GlobalSection(SolutionProperties) = preSolution
		HideSolutionNode = FALSE
	EndGlobalSection
	GlobalSection(NestedProjects) = preSolution
		{0BCFBAB7-34C2-46DB-99A8-3373AEC75512} = {DC116F03-241C-4467-9100-3C8CEA2748CD}
		{43981D72-6DB6-4A02-AF99-87168E703A6E} = {DC116F03-241C-4467-9100-3C8CEA2748CD}
		{F351AC7E-FAD9-4226-A5A9-3438E99331C5} = {DC116F03-241C-4467-9100-3C8CEA2748CD}
	EndGlobalSection
	GlobalSection(ExtensibilityGlobals) = postSolution
		SolutionGuid = {4CF5B1D8-6739-42F3-B35C-A084E88D4F4E}
	EndGlobalSection
EndGlobal
